Microsoft Visual Studio Solution File, Format Version 12.00# Visual Studio 15VisualStudioVersion = 15.0.27703.2000MinimumVisualStudioVersion = 10.0.40219.1Project("{FAE04EC0-301F-11D3-BF4B-00C04F79EFBC}") = "Products.Entities", "Products.Entities\Products.Entities.csproj", "{DB906E0F-E529-4C39-AEB5-7A116B3ED3B5}"EndProjectProject("{FAE04EC0-301F-11D3-BF4B-00C04F79EFBC}") = "Products.Daos.Interfaces", "Products.Daos.Interfaces\Products.Daos.Interfaces.csproj", "{73DBAA95-74A1-44ED-B250-643A794A5725}"EndProjectProject("{FAE04EC0-301F-11D3-BF4B-00C04F79EFBC}") = "Products.Services.Interfaces", "Products.Services.Interfaces\Products.Services.Interfaces.csproj", "{EFF6B3EC-BDEB-46D3-BF59-4D80491BF2AB}"EndProjectProject("{FAE04EC0-301F-11D3-BF4B-00C04F79EFBC}") = "Products.Daos", "Products.Daos\Products.Daos.csproj", "{93C35ACD-4618-456B-B723-9842690EE35A}"EndProjectProject("{FAE04EC0-301F-11D3-BF4B-00C04F79EFBC}") = "Products.Services", "Products.Services\Products.Services.csproj", "{B14A4253-9A39-4C4C-81BE-F8986FAAF2C7}"EndProjectProject("{FAE04EC0-301F-11D3-BF4B-00C04F79EFBC}") = "Products.Web", "Products.Web\Products.Web.csproj", "{216E7789-083C-4982-8307-95E2A25EA1C1}"EndProjectProject("{FAE04EC0-301F-11D3-BF4B-00C04F79EFBC}") = "Products.WebApi", "Products.WebApi\Products.WebApi.csproj", "{6880534E-A7A2-4EEE-9EDC-6FD12FC99558}"EndProject<!--add customized code between this region--><!--add customized code between this region-->Global	GlobalSection(SolutionConfigurationPlatforms) = preSolution		Debug|Any CPU = Debug|Any CPU		Release|Any CPU = Release|Any CPU	EndGlobalSection	GlobalSection(ProjectConfigurationPlatforms) = postSolution		{DB906E0F-E529-4C39-AEB5-7A116B3ED3B5}.Debug|Any CPU.ActiveCfg = Debug|Any CPU		{DB906E0F-E529-4C39-AEB5-7A116B3ED3B5}.Debug|Any CPU.Build.0 = Debug|Any CPU		{DB906E0F-E529-4C39-AEB5-7A116B3ED3B5}.Release|Any CPU.ActiveCfg = Release|Any CPU		{DB906E0F-E529-4C39-AEB5-7A116B3ED3B5}.Release|Any CPU.Build.0 = Release|Any CPU		{73DBAA95-74A1-44ED-B250-643A794A5725}.Debug|Any CPU.ActiveCfg = Debug|Any CPU		{73DBAA95-74A1-44ED-B250-643A794A5725}.Debug|Any CPU.Build.0 = Debug|Any CPU		{73DBAA95-74A1-44ED-B250-643A794A5725}.Release|Any CPU.ActiveCfg = Release|Any CPU		{73DBAA95-74A1-44ED-B250-643A794A5725}.Release|Any CPU.Build.0 = Release|Any CPU		{EFF6B3EC-BDEB-46D3-BF59-4D80491BF2AB}.Debug|Any CPU.ActiveCfg = Debug|Any CPU		{EFF6B3EC-BDEB-46D3-BF59-4D80491BF2AB}.Debug|Any CPU.Build.0 = Debug|Any CPU		{EFF6B3EC-BDEB-46D3-BF59-4D80491BF2AB}.Release|Any CPU.ActiveCfg = Release|Any CPU		{EFF6B3EC-BDEB-46D3-BF59-4D80491BF2AB}.Release|Any CPU.Build.0 = Release|Any CPU		{93C35ACD-4618-456B-B723-9842690EE35A}.Debug|Any CPU.ActiveCfg = Debug|Any CPU		{93C35ACD-4618-456B-B723-9842690EE35A}.Debug|Any CPU.Build.0 = Debug|Any CPU		{93C35ACD-4618-456B-B723-9842690EE35A}.Release|Any CPU.ActiveCfg = Release|Any CPU		{93C35ACD-4618-456B-B723-9842690EE35A}.Release|Any CPU.Build.0 = Release|Any CPU		{B14A4253-9A39-4C4C-81BE-F8986FAAF2C7}.Debug|Any CPU.ActiveCfg = Debug|Any CPU		{B14A4253-9A39-4C4C-81BE-F8986FAAF2C7}.Debug|Any CPU.Build.0 = Debug|Any CPU		{B14A4253-9A39-4C4C-81BE-F8986FAAF2C7}.Release|Any CPU.ActiveCfg = Release|Any CPU		{B14A4253-9A39-4C4C-81BE-F8986FAAF2C7}.Release|Any CPU.Build.0 = Release|Any CPU		{216E7789-083C-4982-8307-95E2A25EA1C1}.Debug|Any CPU.ActiveCfg = Debug|Any CPU		{216E7789-083C-4982-8307-95E2A25EA1C1}.Debug|Any CPU.Build.0 = Debug|Any CPU		{216E7789-083C-4982-8307-95E2A25EA1C1}.Release|Any CPU.ActiveCfg = Release|Any CPU		{216E7789-083C-4982-8307-95E2A25EA1C1}.Release|Any CPU.Build.0 = Release|Any CPU		{6880534E-A7A2-4EEE-9EDC-6FD12FC99558}.Debug|Any CPU.ActiveCfg = Debug|Any CPU		{6880534E-A7A2-4EEE-9EDC-6FD12FC99558}.Debug|Any CPU.Build.0 = Debug|Any CPU		{6880534E-A7A2-4EEE-9EDC-6FD12FC99558}.Release|Any CPU.ActiveCfg = Release|Any CPU		{6880534E-A7A2-4EEE-9EDC-6FD12FC99558}.Release|Any CPU.Build.0 = Release|Any CPU		<!--add customized code between this region-->		<!--add customized code between this region-->	EndGlobalSection
	GlobalSection(SolutionProperties) = preSolution		HideSolutionNode = FALSE	EndGlobalSection	GlobalSection(ExtensibilityGlobals) = postSolution		SolutionGuid = {89FF3ADE-2D37-477A-8E4A-EFA0A810E46D}	EndGlobalSectionEndGlobal